
Microsoft Visual Studio Solution File, Format Version 12.00
# Visual Studio 15
VisualStudioVersion = 15.0.28307.852
MinimumVisualStudioVersion = 10.0.40219.1
Project("{FAE04EC0-301F-11D3-BF4B-00C04F79EFBC}") = "TyrboKyrsa4V2", "TyrboKyrsa4V2\TyrboKyrsa4V2.csproj", "{DBEC2CA7-98A4-4FF3-91B1-663BE3A42452}"
EndProject
Global
	GlobalSection(SolutionConfigurationPlatforms) = preSolution
		Debug|Any CPU = Debug|Any CPU
		Release|Any CPU = Release|Any CPU
	EndGlobalSection
	GlobalSection(ProjectConfigurationPlatforms) = postSolution
		{DBEC2CA7-98A4-4FF3-91B1-663BE3A42452}.Debug|Any CPU.ActiveCfg = Debug|Any CPU
		{DBEC2CA7-98A4-4FF3-91B1-663BE3A42452}.Debug|Any CPU.Build.0 = Debug|Any CPU
		{DBEC2CA7-98A4-4FF3-91B1-663BE3A42452}.Release|Any CPU.ActiveCfg = Release|Any CPU
		{DBEC2CA7-98A4-4FF3-91B1-663BE3A42452}.Release|Any CPU.Build.0 = Release|Any CPU
	EndGlobalSection
	GlobalSection(SolutionProperties) = preSolution
		HideSolutionNode = FALSE
	EndGlobalSection
	GlobalSection(ExtensibilityGlobals) = postSolution
		SolutionGuid = {588AAA26-EE4D-4D5F-87D5-9A9200488983}
	EndGlobalSection
EndGlobal
